// !$*UTF8*$!
{
	archiveVersion = 1;
	classes = {
	};
	objectVersion = 46;
	objects = {

/* Begin PBXBuildFile section */
		6E94C1251DC496030037740C /* main.m in Sources */ = {isa = PBXBuildFile; fileRef = 6E94C1241DC496030037740C /* main.m */; };
		6E94C1281DC496030037740C /* AppDelegate.m in Sources */ = {isa = PBXBuildFile; fileRef = 6E94C1271DC496030037740C /* AppDelegate.m */; };
		6E94C12B1DC496030037740C /* ViewController.m in Sources */ = {isa = PBXBuildFile; fileRef = 6E94C12A1DC496030037740C /* ViewController.m */; };
		6E94C12E1DC496030037740C /* Main.storyboard in Resources */ = {isa = PBXBuildFile; fileRef = 6E94C12C1DC496030037740C /* Main.storyboard */; };
		6E94C1301DC496030037740C /* Assets.xcassets in Resources */ = {isa = PBXBuildFile; fileRef = 6E94C12F1DC496030037740C /* Assets.xcassets */; };
		6E94C1331DC496030037740C /* LaunchScreen.storyboard in Resources */ = {isa = PBXBuildFile; fileRef = 6E94C1311DC496030037740C /* LaunchScreen.storyboard */; };
		6E94C13E1DC496030037740C /* ChattingDemoTests.m in Sources */ = {isa = PBXBuildFile; fileRef = 6E94C13D1DC496030037740C /* ChattingDemoTests.m */; };
		6E94C1491DC496030037740C /* ChattingDemoUITests.m in Sources */ = {isa = PBXBuildFile; fileRef = 6E94C1481DC496030037740C /* ChattingDemoUITests.m */; };
		CC8760879B8D0B450E32E8EB /* NSObject+Ext.m in Sources */ = {isa = PBXBuildFile; fileRef = CC87674CFD0D2ABDF7CD609C /* NSObject+Ext.m */; };
		CC87608F7FF58474CC639DCD /* ToolBarView.m in Sources */ = {isa = PBXBuildFile; fileRef = CC876BA131E9156DC35E509F /* ToolBarView.m */; };
		CC8761206567E4245CFCB3DA /* TypeSelectorBtn_Black@3x.png in Resources */ = {isa = PBXBuildFile; fileRef = CC87615A412C23A75D9BAADA /* TypeSelectorBtn_Black@3x.png */; };
		CC876120B533882598EC043D /* sharemore_video@3x.png in Resources */ = {isa = PBXBuildFile; fileRef = CC876A25D24CC092DCE8A10E /* sharemore_video@3x.png */; };
		CC8761476E7EFB510E6EE437 /* message_sender_bg@2x.png in Resources */ = {isa = PBXBuildFile; fileRef = CC87629E7A0A8881532F9CBE /* message_sender_bg@2x.png */; };
		CC8761BF66F33835351F5E32 /* ToolViewInputVoice@2x.png in Resources */ = {isa = PBXBuildFile; fileRef = CC876530AECBF4BFC9CFC7A8 /* ToolViewInputVoice@2x.png */; };
		CC8761CA3F00ACF942249602 /* ToolViewEmotion@2x.png in Resources */ = {isa = PBXBuildFile; fileRef = CC8760375157255DC9A4E86F /* ToolViewEmotion@2x.png */; };
		CC8762DC356F6D5387560E43 /* sharemore_video@2x.png in Resources */ = {isa = PBXBuildFile; fileRef = CC87641910BFB54194BE457E /* sharemore_video@2x.png */; };
		CC8762DCE3FDC27C83E0AFF5 /* MoreFunctionView.m in Sources */ = {isa = PBXBuildFile; fileRef = CC8767C5E5866EF8A29679C9 /* MoreFunctionView.m */; };
		CC87631CA928164D3826F8C5 /* ToolViewEmotionHL@2x.png in Resources */ = {isa = PBXBuildFile; fileRef = CC876A557BD85ABA7E547F06 /* ToolViewEmotionHL@2x.png */; };
		CC87631D49E2F0DB5563047D /* TypeSelectorBtn_Black@2x.png in Resources */ = {isa = PBXBuildFile; fileRef = CC87696E4C7290E3C02C7139 /* TypeSelectorBtn_Black@2x.png */; };
		CC87643EDA399B6F15CC7304 /* message_sender_bgHL@2x.png in Resources */ = {isa = PBXBuildFile; fileRef = CC876C51B8693529AFB4950A /* message_sender_bgHL@2x.png */; };
		CC87654985BCE5B9B8EFFBA6 /* TypeSelectorBtnHL_Black@3x.png in Resources */ = {isa = PBXBuildFile; fileRef = CC87685FA8D48F0ADAEF29FB /* TypeSelectorBtnHL_Black@3x.png */; };
		CC87654A474DEC5094B1E6F8 /* ChatBaseCell.m in Sources */ = {isa = PBXBuildFile; fileRef = CC8762506AEB38250F4961E7 /* ChatBaseCell.m */; };
		CC87664F3CEA7695D2844DB2 /* NSDate+Ext.m in Sources */ = {isa = PBXBuildFile; fileRef = CC876A862CB4B784B81D2E57 /* NSDate+Ext.m */; };
		CC876702F0E3F251E3F31BF2 /* ChatImageCell.m in Sources */ = {isa = PBXBuildFile; fileRef = CC87678907BED6F393D64DF8 /* ChatImageCell.m */; };
		CC876751988F302862EB0EB1 /* otherAvatar@2x.png in Resources */ = {isa = PBXBuildFile; fileRef = CC876A2D1F74453D47632F7F /* otherAvatar@2x.png */; };
		CC87679F553946A37F6E9BAB /* ChatCellFrameModel.m in Sources */ = {isa = PBXBuildFile; fileRef = CC8769A7FEC5495BF22F0DD0 /* ChatCellFrameModel.m */; };
		CC8767BB3D00D5188C1AB469 /* ToolViewInputVoiceHL@3x.png in Resources */ = {isa = PBXBuildFile; fileRef = CC8762970B2B9491128F1FD0 /* ToolViewInputVoiceHL@3x.png */; };
		CC8767E0A3B03D5E9CF26E9E /* ToolViewEmotionHL@3x.png in Resources */ = {isa = PBXBuildFile; fileRef = CC876A57C210E9D0558B2612 /* ToolViewEmotionHL@3x.png */; };
		CC8767E29D8AE06EA628C5BB /* ToolViewEmotion@3x.png in Resources */ = {isa = PBXBuildFile; fileRef = CC8766CDEF8706AF0DEB1638 /* ToolViewEmotion@3x.png */; };
		CC87684DB915DB5A5F695590 /* ToolViewInputVoiceHL@2x.png in Resources */ = {isa = PBXBuildFile; fileRef = CC876CB9B518E74C4DD9F166 /* ToolViewInputVoiceHL@2x.png */; };
		CC87693FFABEE2674B2B5B03 /* TypeSelectorBtnHL_Black@2x.png in Resources */ = {isa = PBXBuildFile; fileRef = CC876261A54C1534D16DC0F9 /* TypeSelectorBtnHL_Black@2x.png */; };
		CC8769845F00542D54B19025 /* ToolViewInputVoice@3x.png in Resources */ = {isa = PBXBuildFile; fileRef = CC8766D5FA091549F12439A9 /* ToolViewInputVoice@3x.png */; };
		CC8769983B77C5939C32DFC7 /* ChatVC.m in Sources */ = {isa = PBXBuildFile; fileRef = CC876BFC1140963EB8E58C10 /* ChatVC.m */; };
		CC876A1410B0EA22FB252152 /* FunctionBtn.m in Sources */ = {isa = PBXBuildFile; fileRef = CC876591770A9787A271579F /* FunctionBtn.m */; };
		CC876BAB6ED5549857E1C3DA /* ChatTextCell.m in Sources */ = {isa = PBXBuildFile; fileRef = CC876917F91478A544E6706D /* ChatTextCell.m */; };
		CC876C6149CE5E8BEB774ED8 /* myAvatar@2x.png in Resources */ = {isa = PBXBuildFile; fileRef = CC876F5C13549CFACB66E24C /* myAvatar@2x.png */; };
		CC876D281EA5F8A4B68086FE /* UITableViewCell+ZXExt.m in Sources */ = {isa = PBXBuildFile; fileRef = CC8766F3781176039D7CDE0E /* UITableViewCell+ZXExt.m */; };
		CC876D9A4E843BCBD4AEEF0E /* sharemore_pic@3x.png in Resources */ = {isa = PBXBuildFile; fileRef = CC87667DA998A9897247FAE6 /* sharemore_pic@3x.png */; };
		CC876DF2CFA8890E363C3D2A /* message_receiver_bgHL@2x.png in Resources */ = {isa = PBXBuildFile; fileRef = CC87674AFA8499111B1E5608 /* message_receiver_bgHL@2x.png */; };
		CC876DF75C3DEF6E5BDD3776 /* ChatMsgModel.m in Sources */ = {isa = PBXBuildFile; fileRef = CC8761E98DDD0199A750155F /* ChatMsgModel.m */; };
		CC876E04EE9D277E73D1FF0D /* message_receiver_bg@2x.png in Resources */ = {isa = PBXBuildFile; fileRef = CC876130A7E8F524064F9637 /* message_receiver_bg@2x.png */; };
		CC876E0E9D98CB84C9108662 /* sharemore_pic@2x.png in Resources */ = {isa = PBXBuildFile; fileRef = CC87689BAAEC5F1896E4F42B /* sharemore_pic@2x.png */; };
		CC876EA5CE348632FD88630C /* UIView+ZXLayout.m in Sources */ = {isa = PBXBuildFile; fileRef = CC87605FE79CBEC5521E0168 /* UIView+ZXLayout.m */; };
/* End PBXBuildFile section */

/* Begin PBXContainerItemProxy section */
		6E94C13A1DC496030037740C /* PBXContainerItemProxy */ = {
			isa = PBXContainerItemProxy;
			containerPortal = 6E94C1181DC496030037740C /* Project object */;
			proxyType = 1;
			remoteGlobalIDString = 6E94C11F1DC496030037740C;
			remoteInfo = ChattingDemo;
		};
		6E94C1451DC496030037740C /* PBXContainerItemProxy */ = {
			isa = PBXContainerItemProxy;
			containerPortal = 6E94C1181DC496030037740C /* Project object */;
			proxyType = 1;
			remoteGlobalIDString = 6E94C11F1DC496030037740C;
			remoteInfo = ChattingDemo;
		};
/* End PBXContainerItemProxy section */

/* Begin PBXFileReference section */
		6E94C1201DC496030037740C /* ChattingDemo.app */ = {isa = PBXFileReference; explicitFileType = wrapper.application; includeInIndex = 0; path = ChattingDemo.app; sourceTree = BUILT_PRODUCTS_DIR; };
		6E94C1241DC496030037740C /* main.m */ = {isa = PBXFileReference; lastKnownFileType = sourcecode.c.objc; path = main.m; sourceTree = "<group>"; };
		6E94C1261DC496030037740C /* AppDelegate.h */ = {isa = PBXFileReference; lastKnownFileType = sourcecode.c.h; path = AppDelegate.h; sourceTree = "<group>"; };
		6E94C1271DC496030037740C /* AppDelegate.m */ = {isa = PBXFileReference; lastKnownFileType = sourcecode.c.objc; path = AppDelegate.m; sourceTree = "<group>"; };
		6E94C1291DC496030037740C /* ViewController.h */ = {isa = PBXFileReference; lastKnownFileType = sourcecode.c.h; path = ViewController.h; sourceTree = "<group>"; };
		6E94C12A1DC496030037740C /* ViewController.m */ = {isa = PBXFileReference; lastKnownFileType = sourcecode.c.objc; path = ViewController.m; sourceTree = "<group>"; };
		6E94C12D1DC496030037740C /* Base */ = {isa = PBXFileReference; lastKnownFileType = file.storyboard; name = Base; path = Base.lproj/Main.storyboard; sourceTree = "<group>"; };
		6E94C12F1DC496030037740C /* Assets.xcassets */ = {isa = PBXFileReference; lastKnownFileType = folder.assetcatalog; path = Assets.xcassets; sourceTree = "<group>"; };
		6E94C1321DC496030037740C /* Base */ = {isa = PBXFileReference; lastKnownFileType = file.storyboard; name = Base; path = Base.lproj/LaunchScreen.storyboard; sourceTree = "<group>"; };
		6E94C1341DC496030037740C /* Info.plist */ = {isa = PBXFileReference; lastKnownFileType = text.plist.xml; path = Info.plist; sourceTree = "<group>"; };
		6E94C1391DC496030037740C /* ChattingDemoTests.xctest */ = {isa = PBXFileReference; explicitFileType = wrapper.cfbundle; includeInIndex = 0; path = ChattingDemoTests.xctest; sourceTree = BUILT_PRODUCTS_DIR; };
		6E94C13D1DC496030037740C /* ChattingDemoTests.m */ = {isa = PBXFileReference; lastKnownFileType = sourcecode.c.objc; path = ChattingDemoTests.m; sourceTree = "<group>"; };
		6E94C13F1DC496030037740C /* Info.plist */ = {isa = PBXFileReference; lastKnownFileType = text.plist.xml; path = Info.plist; sourceTree = "<group>"; };
		6E94C1441DC496030037740C /* ChattingDemoUITests.xctest */ = {isa = PBXFileReference; explicitFileType = wrapper.cfbundle; includeInIndex = 0; path = ChattingDemoUITests.xctest; sourceTree = BUILT_PRODUCTS_DIR; };
		6E94C1481DC496030037740C /* ChattingDemoUITests.m */ = {isa = PBXFileReference; lastKnownFileType = sourcecode.c.objc; path = ChattingDemoUITests.m; sourceTree = "<group>"; };
		6E94C14A1DC496030037740C /* Info.plist */ = {isa = PBXFileReference; lastKnownFileType = text.plist.xml; path = Info.plist; sourceTree = "<group>"; };
		CC8760375157255DC9A4E86F /* ToolViewEmotion@2x.png */ = {isa = PBXFileReference; lastKnownFileType = image.png; path = "ToolViewEmotion@2x.png"; sourceTree = "<group>"; };
		CC87605FE79CBEC5521E0168 /* UIView+ZXLayout.m */ = {isa = PBXFileReference; fileEncoding = 4; lastKnownFileType = sourcecode.c.objc; path = "UIView+ZXLayout.m"; sourceTree = "<group>"; };
		CC876130A7E8F524064F9637 /* message_receiver_bg@2x.png */ = {isa = PBXFileReference; lastKnownFileType = image.png; path = "message_receiver_bg@2x.png"; sourceTree = "<group>"; };
		CC87615A412C23A75D9BAADA /* TypeSelectorBtn_Black@3x.png */ = {isa = PBXFileReference; lastKnownFileType = image.png; path = "TypeSelectorBtn_Black@3x.png"; sourceTree = "<group>"; };
		CC8761E98DDD0199A750155F /* ChatMsgModel.m */ = {isa = PBXFileReference; fileEncoding = 4; lastKnownFileType = sourcecode.c.objc; path = ChatMsgModel.m; sourceTree = "<group>"; };
		CC87624FE87CE8B629BC6E7F /* ChatCellFrameModel.h */ = {isa = PBXFileReference; fileEncoding = 4; lastKnownFileType = sourcecode.c.h; path = ChatCellFrameModel.h; sourceTree = "<group>"; };
		CC8762506AEB38250F4961E7 /* ChatBaseCell.m */ = {isa = PBXFileReference; fileEncoding = 4; lastKnownFileType = sourcecode.c.objc; path = ChatBaseCell.m; sourceTree = "<group>"; };
		CC876261A54C1534D16DC0F9 /* TypeSelectorBtnHL_Black@2x.png */ = {isa = PBXFileReference; lastKnownFileType = image.png; path = "TypeSelectorBtnHL_Black@2x.png"; sourceTree = "<group>"; };
		CC8762970B2B9491128F1FD0 /* ToolViewInputVoiceHL@3x.png */ = {isa = PBXFileReference; lastKnownFileType = image.png; path = "ToolViewInputVoiceHL@3x.png"; sourceTree = "<group>"; };
		CC87629E7A0A8881532F9CBE /* message_sender_bg@2x.png */ = {isa = PBXFileReference; lastKnownFileType = image.png; path = "message_sender_bg@2x.png"; sourceTree = "<group>"; };
		CC8762F4B1A93FC323D7AB7C /* ChatBaseCell.h */ = {isa = PBXFileReference; fileEncoding = 4; lastKnownFileType = sourcecode.c.h; path = ChatBaseCell.h; sourceTree = "<group>"; };
		CC8763704763F55B1E0FDE68 /* ChatImageCell.h */ = {isa = PBXFileReference; fileEncoding = 4; lastKnownFileType = sourcecode.c.h; path = ChatImageCell.h; sourceTree = "<group>"; };
		CC87641910BFB54194BE457E /* sharemore_video@2x.png */ = {isa = PBXFileReference; lastKnownFileType = image.png; path = "sharemore_video@2x.png"; sourceTree = "<group>"; };
		CC876530AECBF4BFC9CFC7A8 /* ToolViewInputVoice@2x.png */ = {isa = PBXFileReference; lastKnownFileType = image.png; path = "ToolViewInputVoice@2x.png"; sourceTree = "<group>"; };
		CC876591770A9787A271579F /* FunctionBtn.m */ = {isa = PBXFileReference; fileEncoding = 4; lastKnownFileType = sourcecode.c.objc; path = FunctionBtn.m; sourceTree = "<group>"; };
		CC8765C5ED71156924C3174D /* UIView+ZXLayout.h */ = {isa = PBXFileReference; fileEncoding = 4; lastKnownFileType = sourcecode.c.h; path = "UIView+ZXLayout.h"; sourceTree = "<group>"; };
		CC8765FD4FE736C1D52A0E9A /* FunctionBtn.h */ = {isa = PBXFileReference; fileEncoding = 4; lastKnownFileType = sourcecode.c.h; path = FunctionBtn.h; sourceTree = "<group>"; };
		CC87667DA998A9897247FAE6 /* sharemore_pic@3x.png */ = {isa = PBXFileReference; lastKnownFileType = image.png; path = "sharemore_pic@3x.png"; sourceTree = "<group>"; };
		CC876699904EA47426F4A091 /* PrefixHeader.pch */ = {isa = PBXFileReference; fileEncoding = 4; lastKnownFileType = sourcecode.c.h; path = PrefixHeader.pch; sourceTree = "<group>"; };
		CC8766CDEF8706AF0DEB1638 /* ToolViewEmotion@3x.png */ = {isa = PBXFileReference; lastKnownFileType = image.png; path = "ToolViewEmotion@3x.png"; sourceTree = "<group>"; };
		CC8766D5FA091549F12439A9 /* ToolViewInputVoice@3x.png */ = {isa = PBXFileReference; lastKnownFileType = image.png; path = "ToolViewInputVoice@3x.png"; sourceTree = "<group>"; };
		CC8766F3781176039D7CDE0E /* UITableViewCell+ZXExt.m */ = {isa = PBXFileReference; fileEncoding = 4; lastKnownFileType = sourcecode.c.objc; path = "UITableViewCell+ZXExt.m"; sourceTree = "<group>"; };
		CC87674AFA8499111B1E5608 /* message_receiver_bgHL@2x.png */ = {isa = PBXFileReference; lastKnownFileType = image.png; path = "message_receiver_bgHL@2x.png"; sourceTree = "<group>"; };
		CC87674CFD0D2ABDF7CD609C /* NSObject+Ext.m */ = {isa = PBXFileReference; fileEncoding = 4; lastKnownFileType = sourcecode.c.objc; path = "NSObject+Ext.m"; sourceTree = "<group>"; };
		CC87678907BED6F393D64DF8 /* ChatImageCell.m */ = {isa = PBXFileReference; fileEncoding = 4; lastKnownFileType = sourcecode.c.objc; path = ChatImageCell.m; sourceTree = "<group>"; };
		CC8767C5E5866EF8A29679C9 /* MoreFunctionView.m */ = {isa = PBXFileReference; fileEncoding = 4; lastKnownFileType = sourcecode.c.objc; path = MoreFunctionView.m; sourceTree = "<group>"; };
		CC87685FA8D48F0ADAEF29FB /* TypeSelectorBtnHL_Black@3x.png */ = {isa = PBXFileReference; lastKnownFileType = image.png; path = "TypeSelectorBtnHL_Black@3x.png"; sourceTree = "<group>"; };
		CC87689BAAEC5F1896E4F42B /* sharemore_pic@2x.png */ = {isa = PBXFileReference; lastKnownFileType = image.png; path = "sharemore_pic@2x.png"; sourceTree = "<group>"; };
		CC87689E5DA141B8DE0E7230 /* ChatVC.h */ = {isa = PBXFileReference; fileEncoding = 4; lastKnownFileType = sourcecode.c.h; path = ChatVC.h; sourceTree = "<group>"; };
		CC876917F91478A544E6706D /* ChatTextCell.m */ = {isa = PBXFileReference; fileEncoding = 4; lastKnownFileType = sourcecode.c.objc; path = ChatTextCell.m; sourceTree = "<group>"; };
		CC87696E4C7290E3C02C7139 /* TypeSelectorBtn_Black@2x.png */ = {isa = PBXFileReference; lastKnownFileType = image.png; path = "TypeSelectorBtn_Black@2x.png"; sourceTree = "<group>"; };
		CC87699777F02968B3E40C02 /* NSObject+Ext.h */ = {isa = PBXFileReference; fileEncoding = 4; lastKnownFileType = sourcecode.c.h; path = "NSObject+Ext.h"; sourceTree = "<group>"; };
		CC8769A7FEC5495BF22F0DD0 /* ChatCellFrameModel.m */ = {isa = PBXFileReference; fileEncoding = 4; lastKnownFileType = sourcecode.c.objc; path = ChatCellFrameModel.m; sourceTree = "<group>"; };
		CC876A25D24CC092DCE8A10E /* sharemore_video@3x.png */ = {isa = PBXFileReference; lastKnownFileType = image.png; path = "sharemore_video@3x.png"; sourceTree = "<group>"; };
		CC876A2D1F74453D47632F7F /* otherAvatar@2x.png */ = {isa = PBXFileReference; lastKnownFileType = image.png; path = "otherAvatar@2x.png"; sourceTree = "<group>"; };
		CC876A43C635A2AE9309DD21 /* ToolBarView.h */ = {isa = PBXFileReference; fileEncoding = 4; lastKnownFileType = sourcecode.c.h; path = ToolBarView.h; sourceTree = "<group>"; };
		CC876A557BD85ABA7E547F06 /* ToolViewEmotionHL@2x.png */ = {isa = PBXFileReference; lastKnownFileType = image.png; path = "ToolViewEmotionHL@2x.png"; sourceTree = "<group>"; };
		CC876A57C210E9D0558B2612 /* ToolViewEmotionHL@3x.png */ = {isa = PBXFileReference; lastKnownFileType = image.png; path = "ToolViewEmotionHL@3x.png"; sourceTree = "<group>"; };
		CC876A862CB4B784B81D2E57 /* NSDate+Ext.m */ = {isa = PBXFileReference; fileEncoding = 4; lastKnownFileType = sourcecode.c.objc; path = "NSDate+Ext.m"; sourceTree = "<group>"; };
		CC876B644BB9CD218CE2AF1B /* UITableViewCell+ZXExt.h */ = {isa = PBXFileReference; fileEncoding = 4; lastKnownFileType = sourcecode.c.h; path = "UITableViewCell+ZXExt.h"; sourceTree = "<group>"; };
		CC876BA131E9156DC35E509F /* ToolBarView.m */ = {isa = PBXFileReference; fileEncoding = 4; lastKnownFileType = sourcecode.c.objc; path = ToolBarView.m; sourceTree = "<group>"; };
		CC876BFC1140963EB8E58C10 /* ChatVC.m */ = {isa = PBXFileReference; fileEncoding = 4; lastKnownFileType = sourcecode.c.objc; path = ChatVC.m; sourceTree = "<group>"; };
		CC876C1DED6B49CE2BC42DE4 /* ChatMsgModel.h */ = {isa = PBXFileReference; fileEncoding = 4; lastKnownFileType = sourcecode.c.h; path = ChatMsgModel.h; sourceTree = "<group>"; };
		CC876C51B8693529AFB4950A /* message_sender_bgHL@2x.png */ = {isa = PBXFileReference; lastKnownFileType = image.png; path = "message_sender_bgHL@2x.png"; sourceTree = "<group>"; };
		CC876CB9B518E74C4DD9F166 /* ToolViewInputVoiceHL@2x.png */ = {isa = PBXFileReference; lastKnownFileType = image.png; path = "ToolViewInputVoiceHL@2x.png"; sourceTree = "<group>"; };
		CC876D17B129723A5F9D2088 /* ChatTextCell.h */ = {isa = PBXFileReference; fileEncoding = 4; lastKnownFileType = sourcecode.c.h; path = ChatTextCell.h; sourceTree = "<group>"; };
		CC876E5094053016D747C68A /* NSDate+Ext.h */ = {isa = PBXFileReference; fileEncoding = 4; lastKnownFileType = sourcecode.c.h; path = "NSDate+Ext.h"; sourceTree = "<group>"; };
		CC876EBB524197AC7E2A7BEF /* MoreFunctionView.h */ = {isa = PBXFileReference; fileEncoding = 4; lastKnownFileType = sourcecode.c.h; path = MoreFunctionView.h; sourceTree = "<group>"; };
		CC876F5C13549CFACB66E24C /* myAvatar@2x.png */ = {isa = PBXFileReference; lastKnownFileType = image.png; path = "myAvatar@2x.png"; sourceTree = "<group>"; };
/* End PBXFileReference section */

/* Begin PBXFrameworksBuildPhase section */
		6E94C11D1DC496030037740C /* Frameworks */ = {
			isa = PBXFrameworksBuildPhase;
			buildActionMask = 2147483647;
			files = (
			);
			runOnlyForDeploymentPostprocessing = 0;
		};
		6E94C1361DC496030037740C /* Frameworks */ = {
			isa = PBXFrameworksBuildPhase;
			buildActionMask = 2147483647;
			files = (
			);
			runOnlyForDeploymentPostprocessing = 0;
		};
		6E94C1411DC496030037740C /* Frameworks */ = {
			isa = PBXFrameworksBuildPhase;
			buildActionMask = 2147483647;
			files = (
			);
			runOnlyForDeploymentPostprocessing = 0;
		};
/* End PBXFrameworksBuildPhase section */

/* Begin PBXGroup section */
		6E94C1171DC496030037740C = {
			isa = PBXGroup;
			children = (
				6E94C1221DC496030037740C /* ChattingDemo */,
				6E94C13C1DC496030037740C /* ChattingDemoTests */,
				6E94C1471DC496030037740C /* ChattingDemoUITests */,
				6E94C1211DC496030037740C /* Products */,
			);
			sourceTree = "<group>";
		};
		6E94C1211DC496030037740C /* Products */ = {
			isa = PBXGroup;
			children = (
				6E94C1201DC496030037740C /* ChattingDemo.app */,
				6E94C1391DC496030037740C /* ChattingDemoTests.xctest */,
				6E94C1441DC496030037740C /* ChattingDemoUITests.xctest */,
			);
			name = Products;
			sourceTree = "<group>";
		};
		6E94C1221DC496030037740C /* ChattingDemo */ = {
			isa = PBXGroup;
			children = (
				6E94C1261DC496030037740C /* AppDelegate.h */,
				6E94C1271DC496030037740C /* AppDelegate.m */,
				6E94C1291DC496030037740C /* ViewController.h */,
				6E94C12A1DC496030037740C /* ViewController.m */,
				6E94C12C1DC496030037740C /* Main.storyboard */,
				6E94C12F1DC496030037740C /* Assets.xcassets */,
				6E94C1311DC496030037740C /* LaunchScreen.storyboard */,
				6E94C1341DC496030037740C /* Info.plist */,
				6E94C1231DC496030037740C /* Supporting Files */,
				CC87603E86E5892F0F9EC352 /* Resource */,
				CC87600DCEAFAF201E86E093 /* Chat */,
				CC8762CA3FB2B3D4F8C158E1 /* Ext */,
			);
			path = ChattingDemo;
			sourceTree = "<group>";
		};
		6E94C1231DC496030037740C /* Supporting Files */ = {
			isa = PBXGroup;
			children = (
				6E94C1241DC496030037740C /* main.m */,
			);
			name = "Supporting Files";
			sourceTree = "<group>";
		};
		6E94C13C1DC496030037740C /* ChattingDemoTests */ = {
			isa = PBXGroup;
			children = (
				6E94C13D1DC496030037740C /* ChattingDemoTests.m */,
				6E94C13F1DC496030037740C /* Info.plist */,
			);
			path = ChattingDemoTests;
			sourceTree = "<group>";
		};
		6E94C1471DC496030037740C /* ChattingDemoUITests */ = {
			isa = PBXGroup;
			children = (
				6E94C1481DC496030037740C /* ChattingDemoUITests.m */,
				6E94C14A1DC496030037740C /* Info.plist */,
			);
			path = ChattingDemoUITests;
			sourceTree = "<group>";
		};
		CC87600DCEAFAF201E86E093 /* Chat */ = {
			isa = PBXGroup;
			children = (
				CC8765CE02ED535C974E35D6 /* Msg */,
				CC8765BAE209603D78B1BEF8 /* ToolBar */,
				CC87689E5DA141B8DE0E7230 /* ChatVC.h */,
				CC876BFC1140963EB8E58C10 /* ChatVC.m */,
				CC876C4C4CDB75DF0C193BF2 /* Cell */,
			);
			path = Chat;
			sourceTree = "<group>";
		};
		CC87603E86E5892F0F9EC352 /* Resource */ = {
			isa = PBXGroup;
			children = (
				CC876A2D1F74453D47632F7F /* otherAvatar@2x.png */,
				CC876F5C13549CFACB66E24C /* myAvatar@2x.png */,
				CC876130A7E8F524064F9637 /* message_receiver_bg@2x.png */,
				CC87674AFA8499111B1E5608 /* message_receiver_bgHL@2x.png */,
				CC87629E7A0A8881532F9CBE /* message_sender_bg@2x.png */,
				CC876C51B8693529AFB4950A /* message_sender_bgHL@2x.png */,
				CC8760375157255DC9A4E86F /* ToolViewEmotion@2x.png */,
				CC8766CDEF8706AF0DEB1638 /* ToolViewEmotion@3x.png */,
				CC876A557BD85ABA7E547F06 /* ToolViewEmotionHL@2x.png */,
				CC876A57C210E9D0558B2612 /* ToolViewEmotionHL@3x.png */,
				CC876530AECBF4BFC9CFC7A8 /* ToolViewInputVoice@2x.png */,
				CC8766D5FA091549F12439A9 /* ToolViewInputVoice@3x.png */,
				CC876CB9B518E74C4DD9F166 /* ToolViewInputVoiceHL@2x.png */,
				CC8762970B2B9491128F1FD0 /* ToolViewInputVoiceHL@3x.png */,
				CC87696E4C7290E3C02C7139 /* TypeSelectorBtn_Black@2x.png */,
				CC87615A412C23A75D9BAADA /* TypeSelectorBtn_Black@3x.png */,
				CC876261A54C1534D16DC0F9 /* TypeSelectorBtnHL_Black@2x.png */,
				CC87685FA8D48F0ADAEF29FB /* TypeSelectorBtnHL_Black@3x.png */,
				CC87689BAAEC5F1896E4F42B /* sharemore_pic@2x.png */,
				CC87667DA998A9897247FAE6 /* sharemore_pic@3x.png */,
				CC87641910BFB54194BE457E /* sharemore_video@2x.png */,
				CC876A25D24CC092DCE8A10E /* sharemore_video@3x.png */,
			);
			path = Resource;
			sourceTree = "<group>";
		};
		CC8762CA3FB2B3D4F8C158E1 /* Ext */ = {
			isa = PBXGroup;
			children = (
				CC87699777F02968B3E40C02 /* NSObject+Ext.h */,
				CC87674CFD0D2ABDF7CD609C /* NSObject+Ext.m */,
				CC876699904EA47426F4A091 /* PrefixHeader.pch */,
				CC8765C5ED71156924C3174D /* UIView+ZXLayout.h */,
				CC87605FE79CBEC5521E0168 /* UIView+ZXLayout.m */,
				CC876B644BB9CD218CE2AF1B /* UITableViewCell+ZXExt.h */,
				CC8766F3781176039D7CDE0E /* UITableViewCell+ZXExt.m */,
				CC876A862CB4B784B81D2E57 /* NSDate+Ext.m */,
				CC876E5094053016D747C68A /* NSDate+Ext.h */,
			);
			path = Ext;
			sourceTree = "<group>";
		};
		CC8765BAE209603D78B1BEF8 /* ToolBar */ = {
			isa = PBXGroup;
			children = (
				CC876A43C635A2AE9309DD21 /* ToolBarView.h */,
				CC876BA131E9156DC35E509F /* ToolBarView.m */,
				CC8767C5E5866EF8A29679C9 /* MoreFunctionView.m */,
				CC876EBB524197AC7E2A7BEF /* MoreFunctionView.h */,
				CC876591770A9787A271579F /* FunctionBtn.m */,
				CC8765FD4FE736C1D52A0E9A /* FunctionBtn.h */,
			);
			path = ToolBar;
			sourceTree = "<group>";
		};
		CC8765CE02ED535C974E35D6 /* Msg */ = {
			isa = PBXGroup;
			children = (
				CC876C1DED6B49CE2BC42DE4 /* ChatMsgModel.h */,
				CC8761E98DDD0199A750155F /* ChatMsgModel.m */,
			);
			path = Msg;
			sourceTree = "<group>";
		};
		CC876C4C4CDB75DF0C193BF2 /* Cell */ = {
			isa = PBXGroup;
			children = (
				CC876D17B129723A5F9D2088 /* ChatTextCell.h */,
				CC876917F91478A544E6706D /* ChatTextCell.m */,
				CC8769A7FEC5495BF22F0DD0 /* ChatCellFrameModel.m */,
				CC87624FE87CE8B629BC6E7F /* ChatCellFrameModel.h */,
				CC87678907BED6F393D64DF8 /* ChatImageCell.m */,
				CC8763704763F55B1E0FDE68 /* ChatImageCell.h */,
				CC8762506AEB38250F4961E7 /* ChatBaseCell.m */,
				CC8762F4B1A93FC323D7AB7C /* ChatBaseCell.h */,
			);
			path = Cell;
			sourceTree = "<group>";
		};
/* End PBXGroup section */

/* Begin PBXNativeTarget section */
		6E94C11F1DC496030037740C /* ChattingDemo */ = {
			isa = PBXNativeTarget;
			buildConfigurationList = 6E94C14D1DC496030037740C /* Build configuration list for PBXNativeTarget "ChattingDemo" */;
			buildPhases = (
				6E94C11C1DC496030037740C /* Sources */,
				6E94C11D1DC496030037740C /* Frameworks */,
				6E94C11E1DC496030037740C /* Resources */,
			);
			buildRules = (
			);
			dependencies = (
			);
			name = ChattingDemo;
			productName = ChattingDemo;
			productReference = 6E94C1201DC496030037740C /* ChattingDemo.app */;
			productType = "com.apple.product-type.application";
		};
		6E94C1381DC496030037740C /* ChattingDemoTests */ = {
			isa = PBXNativeTarget;
			buildConfigurationList = 6E94C1501DC496030037740C /* Build configuration list for PBXNativeTarget "ChattingDemoTests" */;
			buildPhases = (
				6E94C1351DC496030037740C /* Sources */,
				6E94C1361DC496030037740C /* Frameworks */,
				6E94C1371DC496030037740C /* Resources */,
			);
			buildRules = (
			);
			dependencies = (
				6E94C13B1DC496030037740C /* PBXTargetDependency */,
			);
			name = ChattingDemoTests;
			productName = ChattingDemoTests;
			productReference = 6E94C1391DC496030037740C /* ChattingDemoTests.xctest */;
			productType = "com.apple.product-type.bundle.unit-test";
		};
		6E94C1431DC496030037740C /* ChattingDemoUITests */ = {
			isa = PBXNativeTarget;
			buildConfigurationList = 6E94C1531DC496030037740C /* Build configuration list for PBXNativeTarget "ChattingDemoUITests" */;
			buildPhases = (
				6E94C1401DC496030037740C /* Sources */,
				6E94C1411DC496030037740C /* Frameworks */,
				6E94C1421DC496030037740C /* Resources */,
			);
			buildRules = (
			);
			dependencies = (
				6E94C1461DC496030037740C /* PBXTargetDependency */,
			);
			name = ChattingDemoUITests;
			productName = ChattingDemoUITests;
			productReference = 6E94C1441DC496030037740C /* ChattingDemoUITests.xctest */;
			productType = "com.apple.product-type.bundle.ui-testing";
		};
/* End PBXNativeTarget section */

/* Begin PBXProject section */
		6E94C1181DC496030037740C /* Project object */ = {
			isa = PBXProject;
			attributes = {
				LastUpgradeCheck = 0810;
				ORGANIZATIONNAME = "姜梓烯";
				TargetAttributes = {
					6E94C11F1DC496030037740C = {
						CreatedOnToolsVersion = 8.0;
						DevelopmentTeam = JW8E3G6WSJ;
						ProvisioningStyle = Automatic;
					};
					6E94C1381DC496030037740C = {
						CreatedOnToolsVersion = 8.0;
						ProvisioningStyle = Automatic;
						TestTargetID = 6E94C11F1DC496030037740C;
					};
					6E94C1431DC496030037740C = {
						CreatedOnToolsVersion = 8.0;
						ProvisioningStyle = Automatic;
						TestTargetID = 6E94C11F1DC496030037740C;
					};
				};
			};
			buildConfigurationList = 6E94C11B1DC496030037740C /* Build configuration list for PBXProject "ChattingDemo" */;
			compatibilityVersion = "Xcode 3.2";
			developmentRegion = English;
			hasScannedForEncodings = 0;
			knownRegions = (
				en,
				Base,
			);
			mainGroup = 6E94C1171DC496030037740C;
			productRefGroup = 6E94C1211DC496030037740C /* Products */;
			projectDirPath = "";
			projectRoot = "";
			targets = (
				6E94C11F1DC496030037740C /* ChattingDemo */,
				6E94C1381DC496030037740C /* ChattingDemoTests */,
				6E94C1431DC496030037740C /* ChattingDemoUITests */,
			);
		};
/* End PBXProject section */

/* Begin PBXResourcesBuildPhase section */
		6E94C11E1DC496030037740C /* Resources */ = {
			isa = PBXResourcesBuildPhase;
			buildActionMask = 2147483647;
			files = (
				6E94C1331DC496030037740C /* LaunchScreen.storyboard in Resources */,
				6E94C1301DC496030037740C /* Assets.xcassets in Resources */,
				6E94C12E1DC496030037740C /* Main.storyboard in Resources */,
				CC876751988F302862EB0EB1 /* otherAvatar@2x.png in Resources */,
				CC876C6149CE5E8BEB774ED8 /* myAvatar@2x.png in Resources */,
				CC876E04EE9D277E73D1FF0D /* message_receiver_bg@2x.png in Resources */,
				CC876DF2CFA8890E363C3D2A /* message_receiver_bgHL@2x.png in Resources */,
				CC8761476E7EFB510E6EE437 /* message_sender_bg@2x.png in Resources */,
				CC87643EDA399B6F15CC7304 /* message_sender_bgHL@2x.png in Resources */,
				CC8761CA3F00ACF942249602 /* ToolViewEmotion@2x.png in Resources */,
				CC8767E29D8AE06EA628C5BB /* ToolViewEmotion@3x.png in Resources */,
				CC87631CA928164D3826F8C5 /* ToolViewEmotionHL@2x.png in Resources */,
				CC8767E0A3B03D5E9CF26E9E /* ToolViewEmotionHL@3x.png in Resources */,
				CC8761BF66F33835351F5E32 /* ToolViewInputVoice@2x.png in Resources */,
				CC8769845F00542D54B19025 /* ToolViewInputVoice@3x.png in Resources */,
				CC87684DB915DB5A5F695590 /* ToolViewInputVoiceHL@2x.png in Resources */,
				CC8767BB3D00D5188C1AB469 /* ToolViewInputVoiceHL@3x.png in Resources */,
				CC87631D49E2F0DB5563047D /* TypeSelectorBtn_Black@2x.png in Resources */,
				CC8761206567E4245CFCB3DA /* TypeSelectorBtn_Black@3x.png in Resources */,
				CC87693FFABEE2674B2B5B03 /* TypeSelectorBtnHL_Black@2x.png in Resources */,
				CC87654985BCE5B9B8EFFBA6 /* TypeSelectorBtnHL_Black@3x.png in Resources */,
				CC876E0E9D98CB84C9108662 /* sharemore_pic@2x.png in Resources */,
				CC876D9A4E843BCBD4AEEF0E /* sharemore_pic@3x.png in Resources */,
				CC8762DC356F6D5387560E43 /* sharemore_video@2x.png in Resources */,
				CC876120B533882598EC043D /* sharemore_video@3x.png in Resources */,
			);
			runOnlyForDeploymentPostprocessing = 0;
		};
		6E94C1371DC496030037740C /* Resources */ = {
			isa = PBXResourcesBuildPhase;
			buildActionMask = 2147483647;
			files = (
			);
			runOnlyForDeploymentPostprocessing = 0;
		};
		6E94C1421DC496030037740C /* Resources */ = {
			isa = PBXResourcesBuildPhase;
			buildActionMask = 2147483647;
			files = (
			);
			runOnlyForDeploymentPostprocessing = 0;
		};
/* End PBXResourcesBuildPhase section */

/* Begin PBXSourcesBuildPhase section */
		6E94C11C1DC496030037740C /* Sources */ = {
			isa = PBXSourcesBuildPhase;
			buildActionMask = 2147483647;
			files = (
				6E94C12B1DC496030037740C /* ViewController.m in Sources */,
				6E94C1281DC496030037740C /* AppDelegate.m in Sources */,
				6E94C1251DC496030037740C /* main.m in Sources */,
				CC876DF75C3DEF6E5BDD3776 /* ChatMsgModel.m in Sources */,
				CC87608F7FF58474CC639DCD /* ToolBarView.m in Sources */,
				CC8769983B77C5939C32DFC7 /* ChatVC.m in Sources */,
				CC8760879B8D0B450E32E8EB /* NSObject+Ext.m in Sources */,
				CC876EA5CE348632FD88630C /* UIView+ZXLayout.m in Sources */,
				CC876BAB6ED5549857E1C3DA /* ChatTextCell.m in Sources */,
				CC876D281EA5F8A4B68086FE /* UITableViewCell+ZXExt.m in Sources */,
				CC87679F553946A37F6E9BAB /* ChatCellFrameModel.m in Sources */,
				CC87664F3CEA7695D2844DB2 /* NSDate+Ext.m in Sources */,
				CC8762DCE3FDC27C83E0AFF5 /* MoreFunctionView.m in Sources */,
				CC876A1410B0EA22FB252152 /* FunctionBtn.m in Sources */,
				CC876702F0E3F251E3F31BF2 /* ChatImageCell.m in Sources */,
				CC87654A474DEC5094B1E6F8 /* ChatBaseCell.m in Sources */,
			);
			runOnlyForDeploymentPostprocessing = 0;
		};
		6E94C1351DC496030037740C /* Sources */ = {
			isa = PBXSourcesBuildPhase;
			buildActionMask = 2147483647;
			files = (
				6E94C13E1DC496030037740C /* ChattingDemoTests.m in Sources */,
			);
			runOnlyForDeploymentPostprocessing = 0;
		};
		6E94C1401DC496030037740C /* Sources */ = {
			isa = PBXSourcesBuildPhase;
			buildActionMask = 2147483647;
			files = (
				6E94C1491DC496030037740C /* ChattingDemoUITests.m in Sources */,
			);
			runOnlyForDeploymentPostprocessing = 0;
		};
/* End PBXSourcesBuildPhase section */

/* Begin PBXTargetDependency section */
		6E94C13B1DC496030037740C /* PBXTargetDependency */ = {
			isa = PBXTargetDependency;
			target = 6E94C11F1DC496030037740C /* ChattingDemo */;
			targetProxy = 6E94C13A1DC496030037740C /* PBXContainerItemProxy */;
		};
		6E94C1461DC496030037740C /* PBXTargetDependency */ = {
			isa = PBXTargetDependency;
			target = 6E94C11F1DC496030037740C /* ChattingDemo */;
			targetProxy = 6E94C1451DC496030037740C /* PBXContainerItemProxy */;
		};
/* End PBXTargetDependency section */

/* Begin PBXVariantGroup section */
		6E94C12C1DC496030037740C /* Main.storyboard */ = {
			isa = PBXVariantGroup;
			children = (
				6E94C12D1DC496030037740C /* Base */,
			);
			name = Main.storyboard;
			sourceTree = "<group>";
		};
		6E94C1311DC496030037740C /* LaunchScreen.storyboard */ = {
			isa = PBXVariantGroup;
			children = (
				6E94C1321DC496030037740C /* Base */,
			);
			name = LaunchScreen.storyboard;
			sourceTree = "<group>";
		};
/* End PBXVariantGroup section */

/* Begin XCBuildConfiguration section */
		6E94C14B1DC496030037740C /* Debug */ = {
			isa = XCBuildConfiguration;
			buildSettings = {
				ALWAYS_SEARCH_USER_PATHS = NO;
				CLANG_ANALYZER_NONNULL = YES;
				CLANG_CXX_LANGUAGE_STANDARD = "gnu++0x";
				CLANG_CXX_LIBRARY = "libc++";
				CLANG_ENABLE_MODULES = YES;
				CLANG_ENABLE_OBJC_ARC = YES;
				CLANG_WARN_BOOL_CONVERSION = YES;
				CLANG_WARN_CONSTANT_CONVERSION = YES;
				CLANG_WARN_DIRECT_OBJC_ISA_USAGE = YES_ERROR;
				CLANG_WARN_DOCUMENTATION_COMMENTS = YES;
				CLANG_WARN_EMPTY_BODY = YES;
				CLANG_WARN_ENUM_CONVERSION = YES;
				CLANG_WARN_INFINITE_RECURSION = YES;
				CLANG_WARN_INT_CONVERSION = YES;
				CLANG_WARN_OBJC_ROOT_CLASS = YES_ERROR;
				CLANG_WARN_SUSPICIOUS_MOVE = YES;
				CLANG_WARN_SUSPICIOUS_MOVES = YES;
				CLANG_WARN_UNREACHABLE_CODE = YES;
				CLANG_WARN__DUPLICATE_METHOD_MATCH = YES;
				"CODE_SIGN_IDENTITY[sdk=iphoneos*]" = "iPhone Developer";
				COPY_PHASE_STRIP = NO;
				DEBUG_INFORMATION_FORMAT = dwarf;
				ENABLE_STRICT_OBJC_MSGSEND = YES;
				ENABLE_TESTABILITY = YES;
				GCC_C_LANGUAGE_STANDARD = gnu99;
				GCC_DYNAMIC_NO_PIC = NO;
				GCC_NO_COMMON_BLOCKS = YES;
				GCC_OPTIMIZATION_LEVEL = 0;
				GCC_PREPROCESSOR_DEFINITIONS = (
					"DEBUG=1",
					"$(inherited)",
				);
				GCC_WARN_64_TO_32_BIT_CONVERSION = YES;
				GCC_WARN_ABOUT_RETURN_TYPE = YES_ERROR;
				GCC_WARN_UNDECLARED_SELECTOR = YES;
				GCC_WARN_UNINITIALIZED_AUTOS = YES_AGGRESSIVE;
				GCC_WARN_UNUSED_FUNCTION = YES;
				GCC_WARN_UNUSED_VARIABLE = YES;
				IPHONEOS_DEPLOYMENT_TARGET = 10.0;
				MTL_ENABLE_DEBUG_INFO = YES;
				ONLY_ACTIVE_ARCH = YES;
				SDKROOT = iphoneos;
			};
			name = Debug;
		};
		6E94C14C1DC496030037740C /* Release */ = {
			isa = XCBuildConfiguration;
			buildSettings = {
				ALWAYS_SEARCH_USER_PATHS = NO;
				CLANG_ANALYZER_NONNULL = YES;
				CLANG_CXX_LANGUAGE_STANDARD = "gnu++0x";
				CLANG_CXX_LIBRARY = "libc++";
				CLANG_ENABLE_MODULES = YES;
				CLANG_ENABLE_OBJC_ARC = YES;
				CLANG_WARN_BOOL_CONVERSION = YES;
				CLANG_WARN_CONSTANT_CONVERSION = YES;
				CLANG_WARN_DIRECT_OBJC_ISA_USAGE = YES_ERROR;
				CLANG_WARN_DOCUMENTATION_COMMENTS = YES;
				CLANG_WARN_EMPTY_BODY = YES;
				CLANG_WARN_ENUM_CONVERSION = YES;
				CLANG_WARN_INFINITE_RECURSION = YES;
				CLANG_WARN_INT_CONVERSION = YES;
				CLANG_WARN_OBJC_ROOT_CLASS = YES_ERROR;
				CLANG_WARN_SUSPICIOUS_MOVE = YES;
				CLANG_WARN_SUSPICIOUS_MOVES = YES;
				CLANG_WARN_UNREACHABLE_CODE = YES;
				CLANG_WARN__DUPLICATE_METHOD_MATCH = YES;
				"CODE_SIGN_IDENTITY[sdk=iphoneos*]" = "iPhone Developer";
				COPY_PHASE_STRIP = NO;
				DEBUG_INFORMATION_FORMAT = "dwarf-with-dsym";
				ENABLE_NS_ASSERTIONS = NO;
				ENABLE_STRICT_OBJC_MSGSEND = YES;
				GCC_C_LANGUAGE_STANDARD = gnu99;
				GCC_NO_COMMON_BLOCKS = YES;
				GCC_WARN_64_TO_32_BIT_CONVERSION = YES;
				GCC_WARN_ABOUT_RETURN_TYPE = YES_ERROR;
				GCC_WARN_UNDECLARED_SELECTOR = YES;
				GCC_WARN_UNINITIALIZED_AUTOS = YES_AGGRESSIVE;
				GCC_WARN_UNUSED_FUNCTION = YES;
				GCC_WARN_UNUSED_VARIABLE = YES;
				IPHONEOS_DEPLOYMENT_TARGET = 10.0;
				MTL_ENABLE_DEBUG_INFO = NO;
				SDKROOT = iphoneos;
				VALIDATE_PRODUCT = YES;
			};
			name = Release;
		};
		6E94C14E1DC496030037740C /* Debug */ = {
			isa = XCBuildConfiguration;
			buildSettings = {
				ASSETCATALOG_COMPILER_APPICON_NAME = AppIcon;
				"CODE_SIGN_IDENTITY[sdk=iphoneos*]" = "iPhone Developer";
				DEVELOPMENT_TEAM = JW8E3G6WSJ;
				GCC_PRECOMPILE_PREFIX_HEADER = YES;
				GCC_PREFIX_HEADER = ChattingDemo/Ext/PrefixHeader.pch;
				INFOPLIST_FILE = ChattingDemo/Info.plist;
				IPHONEOS_DEPLOYMENT_TARGET = 8.0;
				LD_RUNPATH_SEARCH_PATHS = "$(inherited) @executable_path/Frameworks";
				PRODUCT_BUNDLE_IDENTIFIER = jiang.ChattingDemo;
				PRODUCT_NAME = "$(TARGET_NAME)";
			};
			name = Debug;
		};
		6E94C14F1DC496030037740C /* Release */ = {
			isa = XCBuildConfiguration;
			buildSettings = {
				ASSETCATALOG_COMPILER_APPICON_NAME = AppIcon;
				"CODE_SIGN_IDENTITY[sdk=iphoneos*]" = "iPhone Developer";
				DEVELOPMENT_TEAM = JW8E3G6WSJ;
				GCC_PRECOMPILE_PREFIX_HEADER = YES;
				GCC_PREFIX_HEADER = ChattingDemo/Ext/PrefixHeader.pch;
				INFOPLIST_FILE = ChattingDemo/Info.plist;
				IPHONEOS_DEPLOYMENT_TARGET = 8.0;
				LD_RUNPATH_SEARCH_PATHS = "$(inherited) @executable_path/Frameworks";
				PRODUCT_BUNDLE_IDENTIFIER = jiang.ChattingDemo;
				PRODUCT_NAME = "$(TARGET_NAME)";
			};
			name = Release;
		};
		6E94C1511DC496030037740C /* Debug */ = {
			isa = XCBuildConfiguration;
			buildSettings = {
				BUNDLE_LOADER = "$(TEST_HOST)";
				INFOPLIST_FILE = ChattingDemoTests/Info.plist;
				LD_RUNPATH_SEARCH_PATHS = "$(inherited) @executable_path/Frameworks @loader_path/Frameworks";
				PRODUCT_BUNDLE_IDENTIFIER = jiang.ChattingDemoTests;
				PRODUCT_NAME = "$(TARGET_NAME)";
				TEST_HOST = "$(BUILT_PRODUCTS_DIR)/ChattingDemo.app/ChattingDemo";
			};
			name = Debug;
		};
		6E94C1521DC496030037740C /* Release */ = {
			isa = XCBuildConfiguration;
			buildSettings = {
				BUNDLE_LOADER = "$(TEST_HOST)";
				INFOPLIST_FILE = ChattingDemoTests/Info.plist;
				LD_RUNPATH_SEARCH_PATHS = "$(inherited) @executable_path/Frameworks @loader_path/Frameworks";
				PRODUCT_BUNDLE_IDENTIFIER = jiang.ChattingDemoTests;
				PRODUCT_NAME = "$(TARGET_NAME)";
				TEST_HOST = "$(BUILT_PRODUCTS_DIR)/ChattingDemo.app/ChattingDemo";
			};
			name = Release;
		};
		6E94C1541DC496030037740C /* Debug */ = {
			isa = XCBuildConfiguration;
			buildSettings = {
				INFOPLIST_FILE = ChattingDemoUITests/Info.plist;
				LD_RUNPATH_SEARCH_PATHS = "$(inherited) @executable_path/Frameworks @loader_path/Frameworks";
				PRODUCT_BUNDLE_IDENTIFIER = jiang.ChattingDemoUITests;
				PRODUCT_NAME = "$(TARGET_NAME)";
				TEST_TARGET_NAME = ChattingDemo;
			};
			name = Debug;
		};
		6E94C1551DC496030037740C /* Release */ = {
			isa = XCBuildConfiguration;
			buildSettings = {
				INFOPLIST_FILE = ChattingDemoUITests/Info.plist;
				LD_RUNPATH_SEARCH_PATHS = "$(inherited) @executable_path/Frameworks @loader_path/Frameworks";
				PRODUCT_BUNDLE_IDENTIFIER = jiang.ChattingDemoUITests;
				PRODUCT_NAME = "$(TARGET_NAME)";
				TEST_TARGET_NAME = ChattingDemo;
			};
			name = Release;
		};
/* End XCBuildConfiguration section */

/* Begin XCConfigurationList section */
		6E94C11B1DC496030037740C /* Build configuration list for PBXProject "ChattingDemo" */ = {
			isa = XCConfigurationList;
			buildConfigurations = (
				6E94C14B1DC496030037740C /* Debug */,
				6E94C14C1DC496030037740C /* Release */,
			);
			defaultConfigurationIsVisible = 0;
			defaultConfigurationName = Release;
		};
		6E94C14D1DC496030037740C /* Build configuration list for PBXNativeTarget "ChattingDemo" */ = {
			isa = XCConfigurationList;
			buildConfigurations = (
				6E94C14E1DC496030037740C /* Debug */,
				6E94C14F1DC496030037740C /* Release */,
			);
			defaultConfigurationIsVisible = 0;
			defaultConfigurationName = Release;
		};
		6E94C1501DC496030037740C /* Build configuration list for PBXNativeTarget "ChattingDemoTests" */ = {
			isa = XCConfigurationList;
			buildConfigurations = (
				6E94C1511DC496030037740C /* Debug */,
				6E94C1521DC496030037740C /* Release */,
			);
			defaultConfigurationIsVisible = 0;
			defaultConfigurationName = Release;
		};
		6E94C1531DC496030037740C /* Build configuration list for PBXNativeTarget "ChattingDemoUITests" */ = {
			isa = XCConfigurationList;
			buildConfigurations = (
				6E94C1541DC496030037740C /* Debug */,
				6E94C1551DC496030037740C /* Release */,
			);
			defaultConfigurationIsVisible = 0;
			defaultConfigurationName = Release;
		};
/* End XCConfigurationList section */
	};
	rootObject = 6E94C1181DC496030037740C /* Project object */;
}
