<?xml version="1.0" encoding="UTF-8"?>
<Scheme
   version = "1.3">
   <BuildAction>
      <BuildActionEntries>
         <BuildActionEntry
            buildForRunning = "YES">
            <BuildableReference
               BuildableIdentifier = "primary"
               BlueprintIdentifier = "CC876902F0FFF832A16BF7AA"
               BuildableName = "JiangTestStrMem.app"
               BlueprintName = "JiangTestStrMem"
               ReferencedContainer = "container:JiangTestStrMem.xcodeproj">
            </BuildableReference>
         </BuildActionEntry>
      </BuildActionEntries>
   </BuildAction>
   <LaunchAction
      useCustomWorkingDirectory = "NO"
      buildConfiguration = "Debug">
      <BuildableProductRunnable>
         <BuildableReference
            BuildableIdentifier = "primary"
            BlueprintIdentifier = "CC876902F0FFF832A16BF7AA"
            BuildableName = "JiangTestStrMem.app"
            BlueprintName = "JiangTestStrMem"
            ReferencedContainer = "container:JiangTestStrMem.xcodeproj">
         </BuildableReference>
      </BuildableProductRunnable>
   </LaunchAction>
</Scheme>
